// !$*UTF8*$!
{
	archiveVersion = 1;
	classes = {
	};
	objectVersion = 60;
	objects = {

/* Begin PBXBuildFile section */
		1E88C8432F2C60A300A0B3C1 /* Sources/App/CameraMeApp.swift in Sources */ = {isa = PBXBuildFile; fileRef = 1E88C8382F2C60A300A0B3C1 /* Sources/App/CameraMeApp.swift */; };
		1E88C8442F2C60A300A0B3C1 /* Sources/Audio/VoiceTriggerService.swift in Sources */ = {isa = PBXBuildFile; fileRef = 1E88C8392F2C60A300A0B3C1 /* Sources/Audio/VoiceTriggerService.swift */; };
		1E88C8452F2C60A300A0B3C1 /* Sources/Camera/CameraController.swift in Sources */ = {isa = PBXBuildFile; fileRef = 1E88C83A2F2C60A300A0B3C1 /* Sources/Camera/CameraController.swift */; };
		1E88C8472F2C60A300A0B3C1 /* Sources/Extensions/Publisher+Main.swift in Sources */ = {isa = PBXBuildFile; fileRef = 1E88C83C2F2C60A300A0B3C1 /* Sources/Extensions/Publisher+Main.swift */; };
		1E88C8482F2C60A300A0B3C1 /* Resources/Assets.xcassets in Resources */ = {isa = PBXBuildFile; fileRef = 1E88C83D2F2C60A300A0B3C1 /* Resources/Assets.xcassets */; };
		1E88C8492F2C60A300A0B3C1 /* Resources/Sounds in Resources */ = {isa = PBXBuildFile; fileRef = 1E88C83E2F2C60A300A0B3C1 /* Resources/Sounds */; };
		1E88C84A2F2C60A300A0B3C1 /* AVFoundation.framework in Frameworks */ = {isa = PBXBuildFile; fileRef = 1E88C8402F2C60A300A0B3C1 /* AVFoundation.framework */; };
		1E88C84B2F2C60A300A0B3C1 /* Speech.framework in Frameworks */ = {isa = PBXBuildFile; fileRef = 1E88C8412F2C60A300A0B3C1 /* Speech.framework */; };
		1E88C84C2F2C60A300A0B3C1 /* Photos.framework in Frameworks */ = {isa = PBXBuildFile; fileRef = 1E88C8422F2C60A300A0B3C1 /* Photos.framework */; };
		1E88C84D2F2C60A300A0B3C1 /* Sources/App/VoiceTriggerViewModel.swift in Sources */ = {isa = PBXBuildFile; fileRef = 1E88C84E2F2C60A300A0B3C1 /* Sources/App/VoiceTriggerViewModel.swift */; };
		2E00000100000001 /* Sources/Extensions/Color+Hex.swift in Sources */ = {isa = PBXBuildFile; fileRef = 2E00000200000001 /* Sources/Extensions/Color+Hex.swift */; };
		2E00000100000002 /* Sources/Models/PermissionManager.swift in Sources */ = {isa = PBXBuildFile; fileRef = 2E00000200000002 /* Sources/Models/PermissionManager.swift */; };
		2E00000100000003 /* Sources/Models/PhotoSaveStatus.swift in Sources */ = {isa = PBXBuildFile; fileRef = 2E00000200000003 /* Sources/Models/PhotoSaveStatus.swift */; };
		2E00000100000004 /* Sources/Components/ShutterButton.swift in Sources */ = {isa = PBXBuildFile; fileRef = 2E00000200000004 /* Sources/Components/ShutterButton.swift */; };
		2E00000100000005 /* Sources/Components/CameraControlsBar.swift in Sources */ = {isa = PBXBuildFile; fileRef = 2E00000200000005 /* Sources/Components/CameraControlsBar.swift */; };
		2E00000100000006 /* Sources/Components/LensSelectorView.swift in Sources */ = {isa = PBXBuildFile; fileRef = 2E00000200000006 /* Sources/Components/LensSelectorView.swift */; };
		2E00000100000007 /* Sources/Components/ZoomIndicator.swift in Sources */ = {isa = PBXBuildFile; fileRef = 2E00000200000007 /* Sources/Components/ZoomIndicator.swift */; };
		2E00000100000008 /* Sources/Components/AspectRatioOverlay.swift in Sources */ = {isa = PBXBuildFile; fileRef = 2E00000200000008 /* Sources/Components/AspectRatioOverlay.swift */; };
		2E00000100000009 /* Sources/Components/TimerCountdownOverlay.swift in Sources */ = {isa = PBXBuildFile; fileRef = 2E00000200000009 /* Sources/Components/TimerCountdownOverlay.swift */; };
		2E0000010000000C /* Sources/Views/RootView.swift in Sources */ = {isa = PBXBuildFile; fileRef = 2E0000020000000C /* Sources/Views/RootView.swift */; };
		2E0000010000000F /* Sources/Views/CameraView.swift in Sources */ = {isa = PBXBuildFile; fileRef = 2E0000020000000F /* Sources/Views/CameraView.swift */; };
		2E00000100000011 /* Sources/Views/SettingsView.swift in Sources */ = {isa = PBXBuildFile; fileRef = 2E00000200000011 /* Sources/Views/SettingsView.swift */; };
		2E00000100000012 /* Sources/Camera/CameraPreviewView.swift in Sources */ = {isa = PBXBuildFile; fileRef = 2E00000200000012 /* Sources/Camera/CameraPreviewView.swift */; };
		2E00000100000020 /* Sources/Components/GridOverlay.swift in Sources */ = {isa = PBXBuildFile; fileRef = 2E00000200000020 /* Sources/Components/GridOverlay.swift */; };
		D0D10001 /* Sources/Models/VoicePermissionStatus.swift in Sources */ = {isa = PBXBuildFile; fileRef = D0D0F001 /* Sources/Models/VoicePermissionStatus.swift */; };
		D0D10002 /* Sources/Models/AudioInputSource.swift in Sources */ = {isa = PBXBuildFile; fileRef = D0D0F002 /* Sources/Models/AudioInputSource.swift */; };
		D0D10003 /* Sources/Models/DeviceOrientationManager.swift in Sources */ = {isa = PBXBuildFile; fileRef = D0D0F003 /* Sources/Models/DeviceOrientationManager.swift */; };
		D0D10010 /* Sources/Audio/SoundEffectsPlayer.swift in Sources */ = {isa = PBXBuildFile; fileRef = D0D0F100 /* Sources/Audio/SoundEffectsPlayer.swift */; };
		D0D10011 /* Sources/Components/CameraUIPlaceholders.swift in Sources */ = {isa = PBXBuildFile; fileRef = D0D0F101 /* Sources/Components/CameraUIPlaceholders.swift */; };
		D0D10020 /* Sources/Views/OnboardingView.swift in Sources */ = {isa = PBXBuildFile; fileRef = D0D0F020 /* Sources/Views/OnboardingView.swift */; };
/* End PBXBuildFile section */

/* Begin PBXFileReference section */
		1E88C8312F2C609800A0B3C1 /* VoiceCameraApp.app */ = {isa = PBXFileReference; explicitFileType = wrapper.application; includeInIndex = 0; path = VoiceCameraApp.app; sourceTree = BUILT_PRODUCTS_DIR; };
		1E88C8382F2C60A300A0B3C1 /* Sources/App/CameraMeApp.swift */ = {isa = PBXFileReference; lastKnownFileType = sourcecode.swift; path = Sources/App/CameraMeApp.swift; sourceTree = SOURCE_ROOT; };
		1E88C8392F2C60A300A0B3C1 /* Sources/Audio/VoiceTriggerService.swift */ = {isa = PBXFileReference; lastKnownFileType = sourcecode.swift; path = Sources/Audio/VoiceTriggerService.swift; sourceTree = SOURCE_ROOT; };
		1E88C83A2F2C60A300A0B3C1 /* Sources/Camera/CameraController.swift */ = {isa = PBXFileReference; lastKnownFileType = sourcecode.swift; path = Sources/Camera/CameraController.swift; sourceTree = SOURCE_ROOT; };
		1E88C83C2F2C60A300A0B3C1 /* Sources/Extensions/Publisher+Main.swift */ = {isa = PBXFileReference; lastKnownFileType = sourcecode.swift; path = "Sources/Extensions/Publisher+Main.swift"; sourceTree = SOURCE_ROOT; };
		1E88C83D2F2C60A300A0B3C1 /* Resources/Assets.xcassets */ = {isa = PBXFileReference; lastKnownFileType = folder.assetcatalog; path = Resources/Assets.xcassets; sourceTree = SOURCE_ROOT; };
		1E88C83E2F2C60A300A0B3C1 /* Resources/Sounds */ = {isa = PBXFileReference; lastKnownFileType = folder; path = Resources/Sounds; sourceTree = SOURCE_ROOT; };
		1E88C83F2F2C60A300A0B3C1 /* Config/VoiceCameraApp-Info.plist */ = {isa = PBXFileReference; lastKnownFileType = text.plist.xml; path = "Config/VoiceCameraApp-Info.plist"; sourceTree = SOURCE_ROOT; };
		1E88C8402F2C60A300A0B3C1 /* AVFoundation.framework */ = {isa = PBXFileReference; lastKnownFileType = wrapper.framework; name = AVFoundation.framework; path = System/Library/Frameworks/AVFoundation.framework; sourceTree = SDKROOT; };
		1E88C8412F2C60A300A0B3C1 /* Speech.framework */ = {isa = PBXFileReference; lastKnownFileType = wrapper.framework; name = Speech.framework; path = System/Library/Frameworks/Speech.framework; sourceTree = SDKROOT; };
		1E88C8422F2C60A300A0B3C1 /* Photos.framework */ = {isa = PBXFileReference; lastKnownFileType = wrapper.framework; name = Photos.framework; path = System/Library/Frameworks/Photos.framework; sourceTree = SDKROOT; };
		1E88C84E2F2C60A300A0B3C1 /* Sources/App/VoiceTriggerViewModel.swift */ = {isa = PBXFileReference; lastKnownFileType = sourcecode.swift; path = Sources/App/VoiceTriggerViewModel.swift; sourceTree = SOURCE_ROOT; };
		2E00000200000001 /* Sources/Extensions/Color+Hex.swift */ = {isa = PBXFileReference; lastKnownFileType = sourcecode.swift; path = "Sources/Extensions/Color+Hex.swift"; sourceTree = SOURCE_ROOT; };
		2E00000200000002 /* Sources/Models/PermissionManager.swift */ = {isa = PBXFileReference; lastKnownFileType = sourcecode.swift; path = Sources/Models/PermissionManager.swift; sourceTree = SOURCE_ROOT; };
		2E00000200000003 /* Sources/Models/PhotoSaveStatus.swift */ = {isa = PBXFileReference; lastKnownFileType = sourcecode.swift; path = Sources/Models/PhotoSaveStatus.swift; sourceTree = SOURCE_ROOT; };
		2E00000200000004 /* Sources/Components/ShutterButton.swift */ = {isa = PBXFileReference; lastKnownFileType = sourcecode.swift; path = Sources/Components/ShutterButton.swift; sourceTree = SOURCE_ROOT; };
		2E00000200000005 /* Sources/Components/CameraControlsBar.swift */ = {isa = PBXFileReference; lastKnownFileType = sourcecode.swift; path = Sources/Components/CameraControlsBar.swift; sourceTree = SOURCE_ROOT; };
		2E00000200000006 /* Sources/Components/LensSelectorView.swift */ = {isa = PBXFileReference; lastKnownFileType = sourcecode.swift; path = Sources/Components/LensSelectorView.swift; sourceTree = SOURCE_ROOT; };
		2E00000200000007 /* Sources/Components/ZoomIndicator.swift */ = {isa = PBXFileReference; lastKnownFileType = sourcecode.swift; path = Sources/Components/ZoomIndicator.swift; sourceTree = SOURCE_ROOT; };
		2E00000200000008 /* Sources/Components/AspectRatioOverlay.swift */ = {isa = PBXFileReference; lastKnownFileType = sourcecode.swift; path = Sources/Components/AspectRatioOverlay.swift; sourceTree = SOURCE_ROOT; };
		2E00000200000009 /* Sources/Components/TimerCountdownOverlay.swift */ = {isa = PBXFileReference; lastKnownFileType = sourcecode.swift; path = Sources/Components/TimerCountdownOverlay.swift; sourceTree = SOURCE_ROOT; };
		2E0000020000000C /* Sources/Views/RootView.swift */ = {isa = PBXFileReference; lastKnownFileType = sourcecode.swift; path = Sources/Views/RootView.swift; sourceTree = SOURCE_ROOT; };
		2E0000020000000F /* Sources/Views/CameraView.swift */ = {isa = PBXFileReference; lastKnownFileType = sourcecode.swift; path = Sources/Views/CameraView.swift; sourceTree = SOURCE_ROOT; };
		2E00000200000011 /* Sources/Views/SettingsView.swift */ = {isa = PBXFileReference; lastKnownFileType = sourcecode.swift; path = Sources/Views/SettingsView.swift; sourceTree = SOURCE_ROOT; };
		2E00000200000012 /* Sources/Camera/CameraPreviewView.swift */ = {isa = PBXFileReference; lastKnownFileType = sourcecode.swift; path = Sources/Camera/CameraPreviewView.swift; sourceTree = SOURCE_ROOT; };
		2E00000200000020 /* Sources/Components/GridOverlay.swift */ = {isa = PBXFileReference; lastKnownFileType = sourcecode.swift; path = Sources/Components/GridOverlay.swift; sourceTree = SOURCE_ROOT; };
		D0D0F001 /* Sources/Models/VoicePermissionStatus.swift */ = {isa = PBXFileReference; lastKnownFileType = sourcecode.swift; path = Sources/Models/VoicePermissionStatus.swift; sourceTree = SOURCE_ROOT; };
		D0D0F002 /* Sources/Models/AudioInputSource.swift */ = {isa = PBXFileReference; lastKnownFileType = sourcecode.swift; path = Sources/Models/AudioInputSource.swift; sourceTree = SOURCE_ROOT; };
		D0D0F003 /* Sources/Models/DeviceOrientationManager.swift */ = {isa = PBXFileReference; lastKnownFileType = sourcecode.swift; path = Sources/Models/DeviceOrientationManager.swift; sourceTree = SOURCE_ROOT; };
		D0D0F020 /* Sources/Views/OnboardingView.swift */ = {isa = PBXFileReference; lastKnownFileType = sourcecode.swift; path = Sources/Views/OnboardingView.swift; sourceTree = SOURCE_ROOT; };
		D0D0F100 /* Sources/Audio/SoundEffectsPlayer.swift */ = {isa = PBXFileReference; lastKnownFileType = sourcecode.swift; path = Sources/Audio/SoundEffectsPlayer.swift; sourceTree = SOURCE_ROOT; };
		D0D0F101 /* Sources/Components/CameraUIPlaceholders.swift */ = {isa = PBXFileReference; lastKnownFileType = sourcecode.swift; path = Sources/Components/CameraUIPlaceholders.swift; sourceTree = SOURCE_ROOT; };
/* End PBXFileReference section */

/* Begin PBXFrameworksBuildPhase section */
		1E88C82F2F2C609800A0B3C1 /* Frameworks */ = {
			isa = PBXFrameworksBuildPhase;
			buildActionMask = 2147483647;
			files = (
				1E88C84A2F2C60A300A0B3C1 /* AVFoundation.framework in Frameworks */,
				1E88C84B2F2C60A300A0B3C1 /* Speech.framework in Frameworks */,
				1E88C84C2F2C60A300A0B3C1 /* Photos.framework in Frameworks */,
			);
			runOnlyForDeploymentPostprocessing = 0;
		};
/* End PBXFrameworksBuildPhase section */

/* Begin PBXGroup section */
		1E88C8222F2C609800A0B3C1 = {
			isa = PBXGroup;
			children = (
				1E88C82B2F2C609800A0B3C1 /* Config */,
				1E88C82A2F2C609800A0B3C1 /* Resources */,
				1E88C8242F2C609800A0B3C1 /* Sources */,
				1E88C82C2F2C609800A0B3C1 /* Frameworks */,
				1E88C8232F2C609800A0B3C1 /* Products */,
			);
			sourceTree = "<group>";
		};
		1E88C8232F2C609800A0B3C1 /* Products */ = {
			isa = PBXGroup;
			children = (
				1E88C8312F2C609800A0B3C1 /* VoiceCameraApp.app */,
			);
			name = Products;
			sourceTree = "<group>";
		};
		1E88C8242F2C609800A0B3C1 /* Sources */ = {
			isa = PBXGroup;
			children = (
				1E88C8252F2C609800A0B3C1 /* App */,
				1E88C8262F2C609800A0B3C1 /* Audio */,
				1E88C8272F2C609800A0B3C1 /* Camera */,
				2E00000300000001 /* Components */,
				1E88C8292F2C609800A0B3C1 /* Extensions */,
				2E00000300000002 /* Models */,
				2E00000300000003 /* Views */,
			);
			name = Sources;
			sourceTree = "<group>";
		};
		1E88C8252F2C609800A0B3C1 /* App */ = {
			isa = PBXGroup;
			children = (
				1E88C84E2F2C60A300A0B3C1 /* Sources/App/VoiceTriggerViewModel.swift */,
				1E88C8382F2C60A300A0B3C1 /* Sources/App/CameraMeApp.swift */,
			);
			path = App;
			sourceTree = "<group>";
		};
		1E88C8262F2C609800A0B3C1 /* Audio */ = {
			isa = PBXGroup;
			children = (
				1E88C8392F2C60A300A0B3C1 /* Sources/Audio/VoiceTriggerService.swift */,
				D0D0F100 /* Sources/Audio/SoundEffectsPlayer.swift */,
			);
			path = Audio;
			sourceTree = "<group>";
		};
		1E88C8272F2C609800A0B3C1 /* Camera */ = {
			isa = PBXGroup;
			children = (
				1E88C83A2F2C60A300A0B3C1 /* Sources/Camera/CameraController.swift */,
				2E00000200000012 /* Sources/Camera/CameraPreviewView.swift */,
			);
			path = Camera;
			sourceTree = "<group>";
		};
		1E88C8292F2C609800A0B3C1 /* Extensions */ = {
			isa = PBXGroup;
			children = (
				1E88C83C2F2C60A300A0B3C1 /* Sources/Extensions/Publisher+Main.swift */,
				2E00000200000001 /* Sources/Extensions/Color+Hex.swift */,
			);
			path = Extensions;
			sourceTree = "<group>";
		};
		1E88C82A2F2C609800A0B3C1 /* Resources */ = {
			isa = PBXGroup;
			children = (
				1E88C83D2F2C60A300A0B3C1 /* Resources/Assets.xcassets */,
				1E88C83E2F2C60A300A0B3C1 /* Resources/Sounds */,
			);
			name = Resources;
			sourceTree = "<group>";
		};
		1E88C82B2F2C609800A0B3C1 /* Config */ = {
			isa = PBXGroup;
			children = (
				1E88C83F2F2C60A300A0B3C1 /* Config/VoiceCameraApp-Info.plist */,
			);
			name = Config;
			sourceTree = "<group>";
		};
		1E88C82C2F2C609800A0B3C1 /* Frameworks */ = {
			isa = PBXGroup;
			children = (
				1E88C8402F2C60A300A0B3C1 /* AVFoundation.framework */,
				1E88C8412F2C60A300A0B3C1 /* Speech.framework */,
				1E88C8422F2C60A300A0B3C1 /* Photos.framework */,
			);
			name = Frameworks;
			sourceTree = "<group>";
		};
		2E00000300000001 /* Components */ = {
			isa = PBXGroup;
			children = (
				2E00000200000004 /* Sources/Components/ShutterButton.swift */,
				2E00000200000005 /* Sources/Components/CameraControlsBar.swift */,
				2E00000200000006 /* Sources/Components/LensSelectorView.swift */,
				2E00000200000007 /* Sources/Components/ZoomIndicator.swift */,
				2E00000200000008 /* Sources/Components/AspectRatioOverlay.swift */,
				2E00000200000020 /* Sources/Components/GridOverlay.swift */,
				2E00000200000009 /* Sources/Components/TimerCountdownOverlay.swift */,
				D0D0F101 /* Sources/Components/CameraUIPlaceholders.swift */,
			);
			path = Components;
			sourceTree = "<group>";
		};
		2E00000300000002 /* Models */ = {
			isa = PBXGroup;
			children = (
				2E00000200000002 /* Sources/Models/PermissionManager.swift */,
				2E00000200000003 /* Sources/Models/PhotoSaveStatus.swift */,
				D0D0F003 /* Sources/Models/DeviceOrientationManager.swift */,
				D0D0F001 /* Sources/Models/VoicePermissionStatus.swift */,
				D0D0F002 /* Sources/Models/AudioInputSource.swift */,
			);
			path = Models;
			sourceTree = "<group>";
		};
		2E00000300000003 /* Views */ = {
			isa = PBXGroup;
			children = (
				2E0000020000000C /* Sources/Views/RootView.swift */,
				2E0000020000000F /* Sources/Views/CameraView.swift */,
				2E00000200000011 /* Sources/Views/SettingsView.swift */,
				D0D0F020 /* Sources/Views/OnboardingView.swift */,
			);
			path = Views;
			sourceTree = "<group>";
		};
/* End PBXGroup section */

/* Begin PBXNativeTarget section */
		1E88C82D2F2C609800A0B3C1 /* VoiceCameraApp */ = {
			isa = PBXNativeTarget;
			buildConfigurationList = 1E88C8372F2C609800A0B3C1 /* Build configuration list for PBXNativeTarget "VoiceCameraApp" */;
			buildPhases = (
				1E88C82E2F2C609800A0B3C1 /* Sources */,
				1E88C82F2F2C609800A0B3C1 /* Frameworks */,
				1E88C8302F2C609800A0B3C1 /* Resources */,
			);
			buildRules = (
			);
			dependencies = (
			);
			name = VoiceCameraApp;
			productName = VoiceCameraApp;
			productReference = 1E88C8312F2C609800A0B3C1 /* VoiceCameraApp.app */;
			productType = "com.apple.product-type.application";
		};
/* End PBXNativeTarget section */

/* Begin PBXProject section */
		1E88C8212F2C609800A0B3C1 /* Project object */ = {
			isa = PBXProject;
			attributes = {
				BuildIndependentTargetsInParallel = YES;
				LastSwiftUpdateCheck = 1520;
				LastUpgradeCheck = 1520;
				TargetAttributes = {
					1E88C82D2F2C609800A0B3C1 = {
						CreatedOnToolsVersion = 15.2;
					};
				};
			};
			buildConfigurationList = 1E88C8362F2C609800A0B3C1 /* Build configuration list for PBXProject "VoiceCameraApp" */;
			compatibilityVersion = "Xcode 15.0";
			developmentRegion = en;
			hasScannedForEncodings = 0;
			knownRegions = (
				en,
				Base,
			);
			mainGroup = 1E88C8222F2C609800A0B3C1;
			productRefGroup = 1E88C8232F2C609800A0B3C1 /* Products */;
			projectDirPath = "";
			projectRoot = "";
			targets = (
				1E88C82D2F2C609800A0B3C1 /* VoiceCameraApp */,
			);
		};
/* End PBXProject section */

/* Begin PBXResourcesBuildPhase section */
		1E88C8302F2C609800A0B3C1 /* Resources */ = {
			isa = PBXResourcesBuildPhase;
			buildActionMask = 2147483647;
			files = (
				1E88C8482F2C60A300A0B3C1 /* Resources/Assets.xcassets in Resources */,
				1E88C8492F2C60A300A0B3C1 /* Resources/Sounds in Resources */,
			);
			runOnlyForDeploymentPostprocessing = 0;
		};
/* End PBXResourcesBuildPhase section */

/* Begin PBXSourcesBuildPhase section */
		1E88C82E2F2C609800A0B3C1 /* Sources */ = {
			isa = PBXSourcesBuildPhase;
			buildActionMask = 2147483647;
			files = (
				1E88C8432F2C60A300A0B3C1 /* Sources/App/CameraMeApp.swift in Sources */,
				1E88C8442F2C60A300A0B3C1 /* Sources/Audio/VoiceTriggerService.swift in Sources */,
				1E88C8452F2C60A300A0B3C1 /* Sources/Camera/CameraController.swift in Sources */,
				1E88C8472F2C60A300A0B3C1 /* Sources/Extensions/Publisher+Main.swift in Sources */,
				1E88C84D2F2C60A300A0B3C1 /* Sources/App/VoiceTriggerViewModel.swift in Sources */,
				2E00000100000001 /* Sources/Extensions/Color+Hex.swift in Sources */,
				2E00000100000002 /* Sources/Models/PermissionManager.swift in Sources */,
				2E00000100000003 /* Sources/Models/PhotoSaveStatus.swift in Sources */,
				D0D10003 /* Sources/Models/DeviceOrientationManager.swift in Sources */,
				D0D10001 /* Sources/Models/VoicePermissionStatus.swift in Sources */,
				D0D10002 /* Sources/Models/AudioInputSource.swift in Sources */,
				D0D10011 /* Sources/Components/CameraUIPlaceholders.swift in Sources */,
				D0D10010 /* Sources/Audio/SoundEffectsPlayer.swift in Sources */,
				2E00000100000004 /* Sources/Components/ShutterButton.swift in Sources */,
				2E00000100000005 /* Sources/Components/CameraControlsBar.swift in Sources */,
				2E00000100000006 /* Sources/Components/LensSelectorView.swift in Sources */,
				2E00000100000007 /* Sources/Components/ZoomIndicator.swift in Sources */,
				2E00000100000008 /* Sources/Components/AspectRatioOverlay.swift in Sources */,
				2E00000100000020 /* Sources/Components/GridOverlay.swift in Sources */,
				2E00000100000009 /* Sources/Components/TimerCountdownOverlay.swift in Sources */,
				2E0000010000000C /* Sources/Views/RootView.swift in Sources */,
				2E0000010000000F /* Sources/Views/CameraView.swift in Sources */,
				2E00000100000011 /* Sources/Views/SettingsView.swift in Sources */,
				2E00000100000012 /* Sources/Camera/CameraPreviewView.swift in Sources */,
				D0D10020 /* Sources/Views/OnboardingView.swift in Sources */,
			);
			runOnlyForDeploymentPostprocessing = 0;
		};
/* End PBXSourcesBuildPhase section */

/* Begin XCBuildConfiguration section */
		1E88C8322F2C609800A0B3C1 /* Debug */ = {
			isa = XCBuildConfiguration;
			buildSettings = {
				ALWAYS_SEARCH_USER_PATHS = NO;
				CLANG_ANALYZER_NONNULL = YES;
				CLANG_ANALYZER_NUMBER_OBJECT_CONVERSION = YES_AGGRESSIVE;
				CLANG_CXX_LANGUAGE_STANDARD = "gnu++20";
				CLANG_ENABLE_MODULES = YES;
				CLANG_ENABLE_OBJC_ARC = YES;
				CLANG_WARN_BLOCK_CAPTURE_AUTORELEASING = YES;
				CLANG_WARN_BOOL_CONVERSION = YES;
				CLANG_WARN_COMMA = YES;
				CLANG_WARN_CONSTANT_CONVERSION = YES;
				CLANG_WARN_DEPRECATED_OBJC_IMPLEMENTATIONS = YES;
				CLANG_WARN_DIRECT_OBJC_ISA_USAGE = YES_ERROR;
				CLANG_WARN_DOCUMENTATION_COMMENTS = YES;
				CLANG_WARN_EMPTY_BODY = YES;
				CLANG_WARN_ENUM_CONVERSION = YES;
				CLANG_WARN_INFINITE_RECURSION = YES;
				CLANG_WARN_INT_CONVERSION = YES;
				CLANG_WARN_NON_LITERAL_NULL_CONVERSION = YES;
				CLANG_WARN_OBJC_IMPLICIT_RETAIN_SELF = YES;
				CLANG_WARN_OBJC_LITERAL_CONVERSION = YES;
				CLANG_WARN_OBJC_ROOT_CLASS = YES_ERROR;
				CLANG_WARN_QUOTED_INCLUDE_IN_FRAMEWORK_HEADER = YES;
				CLANG_WARN_RANGE_LOOP_ANALYSIS = YES;
				CLANG_WARN_STRICT_PROTOTYPES = YES;
				CLANG_WARN_SUSPICIOUS_MOVE = YES;
				CLANG_WARN_UNGUARDED_AVAILABILITY = YES_AGGRESSIVE;
				CODE_SIGN_IDENTITY = "Apple Development";
				COPY_PHASE_STRIP = NO;
				DEBUG_INFORMATION_FORMAT = dwarf;
				ENABLE_STRICT_OBJC_MSGSEND = YES;
				ENABLE_TESTABILITY = YES;
				GCC_C_LANGUAGE_STANDARD = gnu17;
				GCC_DYNAMIC_NO_PIC = NO;
				GCC_NO_COMMON_BLOCKS = YES;
				GCC_PREPROCESSOR_DEFINITIONS = (
					"DEBUG=1",
					"$(inherited)",
				);
				GCC_WARN_64_TO_32_BIT_CONVERSION = YES;
				GCC_WARN_ABOUT_RETURN_TYPE = YES_ERROR;
				GCC_WARN_UNDECLARED_SELECTOR = YES;
				GCC_WARN_UNINITIALIZED_AUTOS = YES_AGGRESSIVE;
				GCC_WARN_UNUSED_FUNCTION = YES;
				GCC_WARN_UNUSED_VARIABLE = YES;
				IPHONEOS_DEPLOYMENT_TARGET = 17.0;
				MTL_ENABLE_DEBUG_INFO = INCLUDE_SOURCE;
				MTL_FAST_MATH = YES;
				ONLY_ACTIVE_ARCH = YES;
				SDKROOT = iphoneos;
				SWIFT_ACTIVE_COMPILATION_CONDITIONS = DEBUG;
				SWIFT_OPTIMIZATION_LEVEL = "-Onone";
				SWIFT_VERSION = 5.0;
			};
			name = Debug;
		};
		1E88C8332F2C609800A0B3C1 /* Release */ = {
			isa = XCBuildConfiguration;
			buildSettings = {
				ALWAYS_SEARCH_USER_PATHS = NO;
				CLANG_ANALYZER_NONNULL = YES;
				CLANG_ANALYZER_NUMBER_OBJECT_CONVERSION = YES_AGGRESSIVE;
				CLANG_CXX_LANGUAGE_STANDARD = "gnu++20";
				CLANG_ENABLE_MODULES = YES;
				CLANG_ENABLE_OBJC_ARC = YES;
				CLANG_WARN_BLOCK_CAPTURE_AUTORELEASING = YES;
				CLANG_WARN_BOOL_CONVERSION = YES;
				CLANG_WARN_COMMA = YES;
				CLANG_WARN_CONSTANT_CONVERSION = YES;
				CLANG_WARN_DEPRECATED_OBJC_IMPLEMENTATIONS = YES;
				CLANG_WARN_DIRECT_OBJC_ISA_USAGE = YES_ERROR;
				CLANG_WARN_DOCUMENTATION_COMMENTS = YES;
				CLANG_WARN_EMPTY_BODY = YES;
				CLANG_WARN_ENUM_CONVERSION = YES;
				CLANG_WARN_INFINITE_RECURSION = YES;
				CLANG_WARN_INT_CONVERSION = YES;
				CLANG_WARN_NON_LITERAL_NULL_CONVERSION = YES;
				CLANG_WARN_OBJC_IMPLICIT_RETAIN_SELF = YES;
				CLANG_WARN_OBJC_LITERAL_CONVERSION = YES;
				CLANG_WARN_OBJC_ROOT_CLASS = YES_ERROR;
				CLANG_WARN_QUOTED_INCLUDE_IN_FRAMEWORK_HEADER = YES;
				CLANG_WARN_RANGE_LOOP_ANALYSIS = YES;
				CLANG_WARN_STRICT_PROTOTYPES = YES;
				CLANG_WARN_SUSPICIOUS_MOVE = YES;
				CLANG_WARN_UNGUARDED_AVAILABILITY = YES_AGGRESSIVE;
				CODE_SIGN_IDENTITY = "Apple Development";
				COPY_PHASE_STRIP = NO;
				DEBUG_INFORMATION_FORMAT = "dwarf-with-dsym";
				ENABLE_NS_ASSERTIONS = NO;
				ENABLE_STRICT_OBJC_MSGSEND = YES;
				GCC_C_LANGUAGE_STANDARD = gnu17;
				GCC_NO_COMMON_BLOCKS = YES;
				GCC_WARN_64_TO_32_BIT_CONVERSION = YES;
				GCC_WARN_ABOUT_RETURN_TYPE = YES_ERROR;
				GCC_WARN_UNDECLARED_SELECTOR = YES;
				GCC_WARN_UNINITIALIZED_AUTOS = YES_AGGRESSIVE;
				GCC_WARN_UNUSED_FUNCTION = YES;
				GCC_WARN_UNUSED_VARIABLE = YES;
				IPHONEOS_DEPLOYMENT_TARGET = 17.0;
				MTL_ENABLE_DEBUG_INFO = NO;
				MTL_FAST_MATH = YES;
				SDKROOT = iphoneos;
				SWIFT_COMPILATION_MODE = wholemodule;
				SWIFT_OPTIMIZATION_LEVEL = "-O";
				SWIFT_VERSION = 5.0;
				VALIDATE_PRODUCT = YES;
			};
			name = Release;
		};
		1E88C8342F2C609800A0B3C1 /* Debug */ = {
			isa = XCBuildConfiguration;
			buildSettings = {
				ASSETCATALOG_COMPILER_APPICON_NAME = AppIcon;
				ASSETCATALOG_COMPILER_GLOBAL_ACCENT_COLOR_NAME = AccentColor;
				ASSETCATALOG_COMPILER_INCLUDE_ALL_APPICON_ASSETS = NO;
				CODE_SIGN_IDENTITY = "Apple Development";
				CODE_SIGN_STYLE = Automatic;
				CURRENT_PROJECT_VERSION = 1;
				DEVELOPMENT_ASSET_PATHS = "";
				DEVELOPMENT_TEAM = G5LAP3MYTD;
				GENERATE_INFOPLIST_FILE = NO;
				INFOPLIST_FILE = "Config/VoiceCameraApp-Info.plist";
				IPHONEOS_DEPLOYMENT_TARGET = 17.0;
				LD_RUNPATH_SEARCH_PATHS = (
					"$(inherited)",
					"@executable_path/Frameworks",
				);
				MARKETING_VERSION = 0.1.0;
				PRODUCT_BUNDLE_IDENTIFIER = com.geniusinnovationlab.camerame;
				PRODUCT_NAME = "$(TARGET_NAME)";
				PROVISIONING_PROFILE_SPECIFIER = "";
				SDKROOT = iphoneos;
				SUPPORTS_MACCATALYST = NO;
				SUPPORTS_MAC_DESIGNED_FOR_IPHONE_IPAD = NO;
				SWIFT_EMIT_LOC_STRINGS = YES;
				SWIFT_VERSION = 5.0;
				TARGETED_DEVICE_FAMILY = "1,2";
			};
			name = Debug;
		};
		1E88C8352F2C609800A0B3C1 /* Release */ = {
			isa = XCBuildConfiguration;
			buildSettings = {
				ASSETCATALOG_COMPILER_APPICON_NAME = AppIcon;
				ASSETCATALOG_COMPILER_GLOBAL_ACCENT_COLOR_NAME = AccentColor;
				ASSETCATALOG_COMPILER_INCLUDE_ALL_APPICON_ASSETS = NO;
				CODE_SIGN_IDENTITY = "Apple Development";
				CODE_SIGN_STYLE = Automatic;
				CURRENT_PROJECT_VERSION = 1;
				DEVELOPMENT_ASSET_PATHS = "";
				DEVELOPMENT_TEAM = G5LAP3MYTD;
				GENERATE_INFOPLIST_FILE = NO;
				INFOPLIST_FILE = "Config/VoiceCameraApp-Info.plist";
				IPHONEOS_DEPLOYMENT_TARGET = 17.0;
				LD_RUNPATH_SEARCH_PATHS = (
					"$(inherited)",
					"@executable_path/Frameworks",
				);
				MARKETING_VERSION = 0.1.0;
				PRODUCT_BUNDLE_IDENTIFIER = com.geniusinnovationlab.camerame;
				PRODUCT_NAME = "$(TARGET_NAME)";
				PROVISIONING_PROFILE_SPECIFIER = "";
				SDKROOT = iphoneos;
				SUPPORTS_MACCATALYST = NO;
				SUPPORTS_MAC_DESIGNED_FOR_IPHONE_IPAD = NO;
				SWIFT_EMIT_LOC_STRINGS = YES;
				SWIFT_VERSION = 5.0;
				TARGETED_DEVICE_FAMILY = "1,2";
			};
			name = Release;
		};
/* End XCBuildConfiguration section */

/* Begin XCConfigurationList section */
		1E88C8362F2C609800A0B3C1 /* Build configuration list for PBXProject "VoiceCameraApp" */ = {
			isa = XCConfigurationList;
			buildConfigurations = (
				1E88C8322F2C609800A0B3C1 /* Debug */,
				1E88C8332F2C609800A0B3C1 /* Release */,
			);
			defaultConfigurationIsVisible = 0;
			defaultConfigurationName = Release;
		};
		1E88C8372F2C609800A0B3C1 /* Build configuration list for PBXNativeTarget "VoiceCameraApp" */ = {
			isa = XCConfigurationList;
			buildConfigurations = (
				1E88C8342F2C609800A0B3C1 /* Debug */,
				1E88C8352F2C609800A0B3C1 /* Release */,
			);
			defaultConfigurationIsVisible = 0;
			defaultConfigurationName = Release;
		};
/* End XCConfigurationList section */
	};
	rootObject = 1E88C8212F2C609800A0B3C1 /* Project object */;
}
